# This file is automatically @generated by Poetry 1.8.2 and should not be changed by hand.

[[package]]
name = "asgiref"
version = "3.8.1"
description = "ASGI specs, helper code, and adapters"
optional = false
python-versions = ">=3.8"
files = [
    {file = "asgiref-3.8.1-py3-none-any.whl", hash = "sha256:3e1e3ecc849832fe52ccf2cb6686b7a55f82bb1d6aee72a58826471390335e47"},
    {file = "asgiref-3.8.1.tar.gz", hash = "sha256:c343bd80a0bec947a9860adb4c432ffa7db769836c64238fc34bdc3fec84d590"},
]

[package.dependencies]
typing-extensions = {version = ">=4", markers = "python_version < \"3.11\""}

[package.extras]
tests = ["mypy (>=0.800)", "pytest", "pytest-asyncio"]

[[package]]
name = "asn1crypto"
version = "1.5.1"
description = "Fast ASN.1 parser and serializer with definitions for private keys, public keys, certificates, CRL, OCSP, CMS, PKCS#3, PKCS#7, PKCS#8, PKCS#12, PKCS#5, X.509 and TSP"
optional = false
python-versions = "*"
files = [
    {file = "asn1crypto-1.5.1-py2.py3-none-any.whl", hash = "sha256:db4e40728b728508912cbb3d44f19ce188f218e9eba635821bb4b68564f8fd67"},
    {file = "asn1crypto-1.5.1.tar.gz", hash = "sha256:13ae38502be632115abf8a24cbe5f4da52e3b5231990aff31123c805306ccb9c"},
]

[[package]]
name = "cbor2"
version = "5.6.3"
description = "CBOR (de)serializer with extensive tag support"
optional = false
python-versions = ">=3.8"
files = [
    {file = "cbor2-5.6.3-cp310-cp310-macosx_10_9_x86_64.whl", hash = "sha256:0201d5e8d9ad1557aeb50d35b907c0f170de0ae9ebb484b2894bcee3b2e13b80"},
    {file = "cbor2-5.6.3-cp310-cp310-macosx_11_0_arm64.whl", hash = "sha256:eda6965cca276d4c2cebdbee14572dec65b991c5359fc32a793f03f052e35985"},
    {file = "cbor2-5.6.3-cp310-cp310-manylinux_2_17_aarch64.manylinux2014_aarch64.whl", hash = "sha256:14561038b8eaab3fd5e867f09bc43f7525a1405e41ade14066925ea3d42513a8"},
    {file = "cbor2-5.6.3-cp310-cp310-manylinux_2_17_x86_64.manylinux2014_x86_64.whl", hash = "sha256:9a3cf6b339a005031e4b8c79b9541856e3b0077ea4c33d7bb6a019885136f53a"},
    {file = "cbor2-5.6.3-cp310-cp310-musllinux_1_1_aarch64.whl", hash = "sha256:4b7636d39de203ee30ac13575ed3e9a0510e993fa1671022b84b9e35e369825f"},
    {file = "cbor2-5.6.3-cp310-cp310-musllinux_1_1_x86_64.whl", hash = "sha256:23847075ce1bcda871c7698e5db0635685995ae470098a5e4c9a26c00f65f21a"},
    {file = "cbor2-5.6.3-cp310-cp310-win_amd64.whl", hash = "sha256:ca15be7142e861fb9f918e0248620b4d4153b9ff14ef6034f7204db5db2924a1"},
    {file = "cbor2-5.6.3-cp311-cp311-macosx_10_9_x86_64.whl", hash = "sha256:b07ee755ae5b0dfad608dab37364b35895cab5d1222653da1fea32a10330c4b0"},
    {file = "cbor2-5.6.3-cp311-cp311-macosx_11_0_arm64.whl", hash = "sha256:9fc063843c14e9e95181faf8d807a53c958d77bb9d360eb4f2344d075ecfed36"},
    {file = "cbor2-5.6.3-cp311-cp311-manylinux_2_17_aarch64.manylinux2014_aarch64.whl", hash = "sha256:c66d4c227c2ed6c63ec5c2d50eb8ec0e1c41c07b452a867544e48ca41d4f0b64"},
    {file = "cbor2-5.6.3-cp311-cp311-manylinux_2_17_x86_64.manylinux2014_x86_64.whl", hash = "sha256:3af60ac82a733bfdfb2b1079c850fefea2621bdb8c8f87f4c5d12802d48a8c55"},
    {file = "cbor2-5.6.3-cp311-cp311-musllinux_1_1_aarch64.whl", hash = "sha256:acb93292843aa72768f089a135bfeec4c9b745132e8dc22f1b149490fc77cb0a"},
    {file = "cbor2-5.6.3-cp311-cp311-musllinux_1_1_x86_64.whl", hash = "sha256:193d1abdffd52893710d39389daa5c03e1569421cdf53585a28033689aef7aec"},
    {file = "cbor2-5.6.3-cp311-cp311-win_amd64.whl", hash = "sha256:d0c915db92b441f505f8a14a521c9461439ac8e5d959454845eb92f93db0bb3b"},
    {file = "cbor2-5.6.3-cp312-cp312-macosx_10_9_x86_64.whl", hash = "sha256:9eaec8c04618124a6b597fe4471035cb7cb0d5114f43aaf2062821ad480ef57c"},
    {file = "cbor2-5.6.3-cp312-cp312-macosx_11_0_arm64.whl", hash = "sha256:d1e5181d4f858237ab4e1a28e21bdcaf31dab2657ab60a8d4a0701a078fe5926"},
    {file = "cbor2-5.6.3-cp312-cp312-manylinux_2_17_aarch64.manylinux2014_aarch64.whl", hash = "sha256:277997127402710a3abdf4372ac75e8f8bb2e75a303cd789312e515c8ef657dd"},
    {file = "cbor2-5.6.3-cp312-cp312-manylinux_2_17_x86_64.manylinux2014_x86_64.whl", hash = "sha256:add01e4b4663199940d10f8c8e1d926e70823d1b2f3f981cc097a4764125f110"},
    {file = "cbor2-5.6.3-cp312-cp312-musllinux_1_1_aarch64.whl", hash = "sha256:adc87485ffd7a4dad481e08e6819eebfcfbafc0918fffcca47aee4cdf8c6de04"},
    {file = "cbor2-5.6.3-cp312-cp312-musllinux_1_1_x86_64.whl", hash = "sha256:ea4a0412426155c3b78763449db56cf5c72c48788a37d7e60bd66c844b9c8634"},
    {file = "cbor2-5.6.3-cp312-cp312-win_amd64.whl", hash = "sha256:18b3dee4eddde9761c60298ce21c0cd4e770237978034c5ee1d4242e255683ec"},
    {file = "cbor2-5.6.3-cp38-cp38-macosx_10_9_x86_64.whl", hash = "sha256:ff6fd1c54b97ee322c0b7180092305ca3b012ff78fddadad97b33490f5f8881f"},
    {file = "cbor2-5.6.3-cp38-cp38-macosx_11_0_arm64.whl", hash = "sha256:ac6f10b9d25f2d61c036f86238bf23e3ea0253f98faa8ab00f67228bf3c0ce2a"},
    {file = "cbor2-5.6.3-cp38-cp38-manylinux_2_17_aarch64.manylinux2014_aarch64.whl", hash = "sha256:7be74f2cbda547fdd57c83ee5b3470804f02c660db28efcf9d4016f001b66f40"},
    {file = "cbor2-5.6.3-cp38-cp38-manylinux_2_17_x86_64.manylinux2014_x86_64.whl", hash = "sha256:64ea120206f82492a4385bbc5e2639f9b67c8bc7bdc57bffcbe9a8fee8cd6342"},
    {file = "cbor2-5.6.3-cp38-cp38-musllinux_1_1_aarch64.whl", hash = "sha256:c3d2902e1aed155d56cdcae99cd4a9dae843e3fff6978148d2d5d5f9a0b986cd"},
    {file = "cbor2-5.6.3-cp38-cp38-musllinux_1_1_x86_64.whl", hash = "sha256:2d4f95a567e26d8d9d62db234cd089525c52f19e7fdd59152629d9f03bd94b4f"},
    {file = "cbor2-5.6.3-cp38-cp38-win_amd64.whl", hash = "sha256:33efbe7103bac090430d291fca2fe1c444b0ec55c4716e8051b72a81377e8b79"},
    {file = "cbor2-5.6.3-cp39-cp39-macosx_10_9_x86_64.whl", hash = "sha256:81e619a2a59ae966cedb5fd3ea8a9487a3d4430824bbeacdcf5f74ad6112cc57"},
    {file = "cbor2-5.6.3-cp39-cp39-macosx_11_0_arm64.whl", hash = "sha256:2b7755b93d32638f4d79a0fa0744b423787f6faa3c96ccccac68b6dbf1848368"},
    {file = "cbor2-5.6.3-cp39-cp39-manylinux_2_17_aarch64.manylinux2014_aarch64.whl", hash = "sha256:0f0e95011ae8460265ef348fe380664fa22c51015fd52344ebd781579fa9552a"},
    {file = "cbor2-5.6.3-cp39-cp39-manylinux_2_17_x86_64.manylinux2014_x86_64.whl", hash = "sha256:7693e53c3ba0b2ad4e46b610f8d69159ffdbcb6ebe75ea1c1f5f40c3283639ca"},
    {file = "cbor2-5.6.3-cp39-cp39-musllinux_1_1_aarch64.whl", hash = "sha256:e3ec251db32516d383fc587874b15f4b5fb4e9049d9436b8696f5767b11c149b"},
    {file = "cbor2-5.6.3-cp39-cp39-musllinux_1_1_x86_64.whl", hash = "sha256:6081c1ab9791d5973a40b95ecb8b04b0fbf9fc04be170d89a3ad77d5964f52d5"},
    {file = "cbor2-5.6.3-cp39-cp39-win_amd64.whl", hash = "sha256:2aba8b75e36c9f84a42a7026271da8fd759035a871c1b799028439059527276b"},
    {file = "cbor2-5.6.3-py3-none-any.whl", hash = "sha256:8a4b7404af6da719092a4ee5953d1930d095b93b684bf99e1ab74512be1910a4"},
    {file = "cbor2-5.6.3.tar.gz", hash = "sha256:e6f0ae2751c2d333a960e0807c0611494eb1245631a167965acbc100509455d3"},
]

[package.extras]
benchmarks = ["pytest-benchmark (==4.0.0)"]
doc = ["Sphinx (>=7)", "packaging", "sphinx-autodoc-typehints (>=1.2.0)", "sphinx-rtd-theme (>=1.3.0)", "typing-extensions"]
test = ["coverage (>=7)", "hypothesis", "pytest"]

[[package]]
name = "cffi"
version = "1.16.0"
description = "Foreign Function Interface for Python calling C code."
optional = false
python-versions = ">=3.8"
files = [
    {file = "cffi-1.16.0-cp310-cp310-macosx_10_9_x86_64.whl", hash = "sha256:6b3d6606d369fc1da4fd8c357d026317fbb9c9b75d36dc16e90e84c26854b088"},
    {file = "cffi-1.16.0-cp310-cp310-macosx_11_0_arm64.whl", hash = "sha256:ac0f5edd2360eea2f1daa9e26a41db02dd4b0451b48f7c318e217ee092a213e9"},
    {file = "cffi-1.16.0-cp310-cp310-manylinux_2_12_i686.manylinux2010_i686.manylinux_2_17_i686.manylinux2014_i686.whl", hash = "sha256:7e61e3e4fa664a8588aa25c883eab612a188c725755afff6289454d6362b9673"},
    {file = "cffi-1.16.0-cp310-cp310-manylinux_2_17_aarch64.manylinux2014_aarch64.whl", hash = "sha256:a72e8961a86d19bdb45851d8f1f08b041ea37d2bd8d4fd19903bc3083d80c896"},
    {file = "cffi-1.16.0-cp310-cp310-manylinux_2_17_ppc64le.manylinux2014_ppc64le.whl", hash = "sha256:5b50bf3f55561dac5438f8e70bfcdfd74543fd60df5fa5f62d94e5867deca684"},
    {file = "cffi-1.16.0-cp310-cp310-manylinux_2_17_s390x.manylinux2014_s390x.whl", hash = "sha256:7651c50c8c5ef7bdb41108b7b8c5a83013bfaa8a935590c5d74627c047a583c7"},
    {file = "cffi-1.16.0-cp310-cp310-manylinux_2_17_x86_64.manylinux2014_x86_64.whl", hash = "sha256:e4108df7fe9b707191e55f33efbcb2d81928e10cea45527879a4749cbe472614"},
    {file = "cffi-1.16.0-cp310-cp310-musllinux_1_1_i686.whl", hash = "sha256:32c68ef735dbe5857c810328cb2481e24722a59a2003018885514d4c09af9743"},
    {file = "cffi-1.16.0-cp310-cp310-musllinux_1_1_x86_64.whl", hash = "sha256:673739cb539f8cdaa07d92d02efa93c9ccf87e345b9a0b556e3ecc666718468d"},
    {file = "cffi-1.16.0-cp310-cp310-win32.whl", hash = "sha256:9f90389693731ff1f659e55c7d1640e2ec43ff725cc61b04b2f9c6d8d017df6a"},
    {file = "cffi-1.16.0-cp310-cp310-win_amd64.whl", hash = "sha256:e6024675e67af929088fda399b2094574609396b1decb609c55fa58b028a32a1"},
    {file = "cffi-1.16.0-cp311-cp311-macosx_10_9_x86_64.whl", hash = "sha256:b84834d0cf97e7d27dd5b7f3aca7b6e9263c56308ab9dc8aae9784abb774d404"},
    {file = "cffi-1.16.0-cp311-cp311-macosx_11_0_arm64.whl", hash = "sha256:1b8ebc27c014c59692bb2664c7d13ce7a6e9a629be20e54e7271fa696ff2b417"},
    {file = "cffi-1.16.0-cp311-cp311-manylinux_2_12_i686.manylinux2010_i686.manylinux_2_17_i686.manylinux2014_i686.whl", hash = "sha256:ee07e47c12890ef248766a6e55bd38ebfb2bb8edd4142d56db91b21ea68b7627"},
    {file = "cffi-1.16.0-cp311-cp311-manylinux_2_17_aarch64.manylinux2014_aarch64.whl", hash = "sha256:d8a9d3ebe49f084ad71f9269834ceccbf398253c9fac910c4fd7053ff1386936"},
    {file = "cffi-1.16.0-cp311-cp311-manylinux_2_17_ppc64le.manylinux2014_ppc64le.whl", hash = "sha256:e70f54f1796669ef691ca07d046cd81a29cb4deb1e5f942003f401c0c4a2695d"},
    {file = "cffi-1.16.0-cp311-cp311-manylinux_2_17_s390x.manylinux2014_s390x.whl", hash = "sha256:5bf44d66cdf9e893637896c7faa22298baebcd18d1ddb6d2626a6e39793a1d56"},
    {file = "cffi-1.16.0-cp311-cp311-manylinux_2_17_x86_64.manylinux2014_x86_64.whl", hash = "sha256:7b78010e7b97fef4bee1e896df8a4bbb6712b7f05b7ef630f9d1da00f6444d2e"},
    {file = "cffi-1.16.0-cp311-cp311-musllinux_1_1_i686.whl", hash = "sha256:c6a164aa47843fb1b01e941d385aab7215563bb8816d80ff3a363a9f8448a8dc"},
    {file = "cffi-1.16.0-cp311-cp311-musllinux_1_1_x86_64.whl", hash = "sha256:e09f3ff613345df5e8c3667da1d918f9149bd623cd9070c983c013792a9a62eb"},
    {file = "cffi-1.16.0-cp311-cp311-win32.whl", hash = "sha256:2c56b361916f390cd758a57f2e16233eb4f64bcbeee88a4881ea90fca14dc6ab"},
    {file = "cffi-1.16.0-cp311-cp311-win_amd64.whl", hash = "sha256:db8e577c19c0fda0beb7e0d4e09e0ba74b1e4c092e0e40bfa12fe05b6f6d75ba"},
    {file = "cffi-1.16.0-cp312-cp312-macosx_10_9_x86_64.whl", hash = "sha256:fa3a0128b152627161ce47201262d3140edb5a5c3da88d73a1b790a959126956"},
    {file = "cffi-1.16.0-cp312-cp312-macosx_11_0_arm64.whl", hash = "sha256:68e7c44931cc171c54ccb702482e9fc723192e88d25a0e133edd7aff8fcd1f6e"},
    {file = "cffi-1.16.0-cp312-cp312-manylinux_2_12_i686.manylinux2010_i686.manylinux_2_17_i686.manylinux2014_i686.whl", hash = "sha256:abd808f9c129ba2beda4cfc53bde801e5bcf9d6e0f22f095e45327c038bfe68e"},
    {file = "cffi-1.16.0-cp312-cp312-manylinux_2_17_aarch64.manylinux2014_aarch64.whl", hash = "sha256:88e2b3c14bdb32e440be531ade29d3c50a1a59cd4e51b1dd8b0865c54ea5d2e2"},
    {file = "cffi-1.16.0-cp312-cp312-manylinux_2_17_ppc64le.manylinux2014_ppc64le.whl", hash = "sha256:fcc8eb6d5902bb1cf6dc4f187ee3ea80a1eba0a89aba40a5cb20a5087d961357"},
    {file = "cffi-1.16.0-cp312-cp312-manylinux_2_17_s390x.manylinux2014_s390x.whl", hash = "sha256:b7be2d771cdba2942e13215c4e340bfd76398e9227ad10402a8767ab1865d2e6"},
    {file = "cffi-1.16.0-cp312-cp312-manylinux_2_17_x86_64.manylinux2014_x86_64.whl", hash = "sha256:e715596e683d2ce000574bae5d07bd522c781a822866c20495e52520564f0969"},
    {file = "cffi-1.16.0-cp312-cp312-musllinux_1_1_x86_64.whl", hash = "sha256:2d92b25dbf6cae33f65005baf472d2c245c050b1ce709cc4588cdcdd5495b520"},
    {file = "cffi-1.16.0-cp312-cp312-win32.whl", hash = "sha256:b2ca4e77f9f47c55c194982e10f058db063937845bb2b7a86c84a6cfe0aefa8b"},
    {file = "cffi-1.16.0-cp312-cp312-win_amd64.whl", hash = "sha256:68678abf380b42ce21a5f2abde8efee05c114c2fdb2e9eef2efdb0257fba1235"},
    {file = "cffi-1.16.0-cp38-cp38-macosx_10_9_x86_64.whl", hash = "sha256:0c9ef6ff37e974b73c25eecc13952c55bceed9112be2d9d938ded8e856138bcc"},
    {file = "cffi-1.16.0-cp38-cp38-manylinux_2_12_i686.manylinux2010_i686.manylinux_2_17_i686.manylinux2014_i686.whl", hash = "sha256:a09582f178759ee8128d9270cd1344154fd473bb77d94ce0aeb2a93ebf0feaf0"},
    {file = "cffi-1.16.0-cp38-cp38-manylinux_2_17_aarch64.manylinux2014_aarch64.whl", hash = "sha256:e760191dd42581e023a68b758769e2da259b5d52e3103c6060ddc02c9edb8d7b"},
    {file = "cffi-1.16.0-cp38-cp38-manylinux_2_17_ppc64le.manylinux2014_ppc64le.whl", hash = "sha256:80876338e19c951fdfed6198e70bc88f1c9758b94578d5a7c4c91a87af3cf31c"},
    {file = "cffi-1.16.0-cp38-cp38-manylinux_2_17_s390x.manylinux2014_s390x.whl", hash = "sha256:a6a14b17d7e17fa0d207ac08642c8820f84f25ce17a442fd15e27ea18d67c59b"},
    {file = "cffi-1.16.0-cp38-cp38-manylinux_2_17_x86_64.manylinux2014_x86_64.whl", hash = "sha256:6602bc8dc6f3a9e02b6c22c4fc1e47aa50f8f8e6d3f78a5e16ac33ef5fefa324"},
    {file = "cffi-1.16.0-cp38-cp38-win32.whl", hash = "sha256:131fd094d1065b19540c3d72594260f118b231090295d8c34e19a7bbcf2e860a"},
    {file = "cffi-1.16.0-cp38-cp38-win_amd64.whl", hash = "sha256:31d13b0f99e0836b7ff893d37af07366ebc90b678b6664c955b54561fc36ef36"},
    {file = "cffi-1.16.0-cp39-cp39-macosx_10_9_x86_64.whl", hash = "sha256:582215a0e9adbe0e379761260553ba11c58943e4bbe9c36430c4ca6ac74b15ed"},
    {file = "cffi-1.16.0-cp39-cp39-macosx_11_0_arm64.whl", hash = "sha256:b29ebffcf550f9da55bec9e02ad430c992a87e5f512cd63388abb76f1036d8d2"},
    {file = "cffi-1.16.0-cp39-cp39-manylinux_2_12_i686.manylinux2010_i686.manylinux_2_17_i686.manylinux2014_i686.whl", hash = "sha256:dc9b18bf40cc75f66f40a7379f6a9513244fe33c0e8aa72e2d56b0196a7ef872"},
    {file = "cffi-1.16.0-cp39-cp39-manylinux_2_17_aarch64.manylinux2014_aarch64.whl", hash = "sha256:9cb4a35b3642fc5c005a6755a5d17c6c8b6bcb6981baf81cea8bfbc8903e8ba8"},
    {file = "cffi-1.16.0-cp39-cp39-manylinux_2_17_ppc64le.manylinux2014_ppc64le.whl", hash = "sha256:b86851a328eedc692acf81fb05444bdf1891747c25af7529e39ddafaf68a4f3f"},
    {file = "cffi-1.16.0-cp39-cp39-manylinux_2_17_s390x.manylinux2014_s390x.whl", hash = "sha256:c0f31130ebc2d37cdd8e44605fb5fa7ad59049298b3f745c74fa74c62fbfcfc4"},
    {file = "cffi-1.16.0-cp39-cp39-manylinux_2_17_x86_64.manylinux2014_x86_64.whl", hash = "sha256:8f8e709127c6c77446a8c0a8c8bf3c8ee706a06cd44b1e827c3e6a2ee6b8c098"},
    {file = "cffi-1.16.0-cp39-cp39-musllinux_1_1_i686.whl", hash = "sha256:748dcd1e3d3d7cd5443ef03ce8685043294ad6bd7c02a38d1bd367cfd968e000"},
    {file = "cffi-1.16.0-cp39-cp39-musllinux_1_1_x86_64.whl", hash = "sha256:8895613bcc094d4a1b2dbe179d88d7fb4a15cee43c052e8885783fac397d91fe"},
    {file = "cffi-1.16.0-cp39-cp39-win32.whl", hash = "sha256:ed86a35631f7bfbb28e108dd96773b9d5a6ce4811cf6ea468bb6a359b256b1e4"},
    {file = "cffi-1.16.0-cp39-cp39-win_amd64.whl", hash = "sha256:3686dffb02459559c74dd3d81748269ffb0eb027c39a6fc99502de37d501faa8"},
    {file = "cffi-1.16.0.tar.gz", hash = "sha256:bcb3ef43e58665bbda2fb198698fcae6776483e0c4a631aa5647806c25e02cc0"},
]

[package.dependencies]
pycparser = "*"

[[package]]
name = "cryptography"
version = "42.0.5"
description = "cryptography is a package which provides cryptographic recipes and primitives to Python developers."
optional = false
python-versions = ">=3.7"
files = [
    {file = "cryptography-42.0.5-cp37-abi3-macosx_10_12_universal2.whl", hash = "sha256:a30596bae9403a342c978fb47d9b0ee277699fa53bbafad14706af51fe543d16"},
    {file = "cryptography-42.0.5-cp37-abi3-macosx_10_12_x86_64.whl", hash = "sha256:b7ffe927ee6531c78f81aa17e684e2ff617daeba7f189f911065b2ea2d526dec"},
    {file = "cryptography-42.0.5-cp37-abi3-manylinux_2_17_aarch64.manylinux2014_aarch64.whl", hash = "sha256:2424ff4c4ac7f6b8177b53c17ed5d8fa74ae5955656867f5a8affaca36a27abb"},
    {file = "cryptography-42.0.5-cp37-abi3-manylinux_2_17_x86_64.manylinux2014_x86_64.whl", hash = "sha256:329906dcc7b20ff3cad13c069a78124ed8247adcac44b10bea1130e36caae0b4"},
    {file = "cryptography-42.0.5-cp37-abi3-manylinux_2_28_aarch64.whl", hash = "sha256:b03c2ae5d2f0fc05f9a2c0c997e1bc18c8229f392234e8a0194f202169ccd278"},
    {file = "cryptography-42.0.5-cp37-abi3-manylinux_2_28_x86_64.whl", hash = "sha256:f8837fe1d6ac4a8052a9a8ddab256bc006242696f03368a4009be7ee3075cdb7"},
    {file = "cryptography-42.0.5-cp37-abi3-musllinux_1_1_aarch64.whl", hash = "sha256:0270572b8bd2c833c3981724b8ee9747b3ec96f699a9665470018594301439ee"},
    {file = "cryptography-42.0.5-cp37-abi3-musllinux_1_1_x86_64.whl", hash = "sha256:b8cac287fafc4ad485b8a9b67d0ee80c66bf3574f655d3b97ef2e1082360faf1"},
    {file = "cryptography-42.0.5-cp37-abi3-musllinux_1_2_aarch64.whl", hash = "sha256:16a48c23a62a2f4a285699dba2e4ff2d1cff3115b9df052cdd976a18856d8e3d"},
    {file = "cryptography-42.0.5-cp37-abi3-musllinux_1_2_x86_64.whl", hash = "sha256:2bce03af1ce5a5567ab89bd90d11e7bbdff56b8af3acbbec1faded8f44cb06da"},
    {file = "cryptography-42.0.5-cp37-abi3-win32.whl", hash = "sha256:b6cd2203306b63e41acdf39aa93b86fb566049aeb6dc489b70e34bcd07adca74"},
    {file = "cryptography-42.0.5-cp37-abi3-win_amd64.whl", hash = "sha256:98d8dc6d012b82287f2c3d26ce1d2dd130ec200c8679b6213b3c73c08b2b7940"},
    {file = "cryptography-42.0.5-cp39-abi3-macosx_10_12_universal2.whl", hash = "sha256:5e6275c09d2badf57aea3afa80d975444f4be8d3bc58f7f80d2a484c6f9485c8"},
    {file = "cryptography-42.0.5-cp39-abi3-manylinux_2_17_aarch64.manylinux2014_aarch64.whl", hash = "sha256:e4985a790f921508f36f81831817cbc03b102d643b5fcb81cd33df3fa291a1a1"},
    {file = "cryptography-42.0.5-cp39-abi3-manylinux_2_17_x86_64.manylinux2014_x86_64.whl", hash = "sha256:7cde5f38e614f55e28d831754e8a3bacf9ace5d1566235e39d91b35502d6936e"},
    {file = "cryptography-42.0.5-cp39-abi3-manylinux_2_28_aarch64.whl", hash = "sha256:7367d7b2eca6513681127ebad53b2582911d1736dc2ffc19f2c3ae49997496bc"},
    {file = "cryptography-42.0.5-cp39-abi3-manylinux_2_28_x86_64.whl", hash = "sha256:cd2030f6650c089aeb304cf093f3244d34745ce0cfcc39f20c6fbfe030102e2a"},
    {file = "cryptography-42.0.5-cp39-abi3-musllinux_1_1_aarch64.whl", hash = "sha256:a2913c5375154b6ef2e91c10b5720ea6e21007412f6437504ffea2109b5a33d7"},
    {file = "cryptography-42.0.5-cp39-abi3-musllinux_1_1_x86_64.whl", hash = "sha256:c41fb5e6a5fe9ebcd58ca3abfeb51dffb5d83d6775405305bfa8715b76521922"},
    {file = "cryptography-42.0.5-cp39-abi3-musllinux_1_2_aarch64.whl", hash = "sha256:3eaafe47ec0d0ffcc9349e1708be2aaea4c6dd4978d76bf6eb0cb2c13636c6fc"},
    {file = "cryptography-42.0.5-cp39-abi3-musllinux_1_2_x86_64.whl", hash = "sha256:1b95b98b0d2af784078fa69f637135e3c317091b615cd0905f8b8a087e86fa30"},
    {file = "cryptography-42.0.5-cp39-abi3-win32.whl", hash = "sha256:1f71c10d1e88467126f0efd484bd44bca5e14c664ec2ede64c32f20875c0d413"},
    {file = "cryptography-42.0.5-cp39-abi3-win_amd64.whl", hash = "sha256:a011a644f6d7d03736214d38832e030d8268bcff4a41f728e6030325fea3e400"},
    {file = "cryptography-42.0.5-pp310-pypy310_pp73-macosx_10_12_x86_64.whl", hash = "sha256:9481ffe3cf013b71b2428b905c4f7a9a4f76ec03065b05ff499bb5682a8d9ad8"},
    {file = "cryptography-42.0.5-pp310-pypy310_pp73-manylinux_2_28_aarch64.whl", hash = "sha256:ba334e6e4b1d92442b75ddacc615c5476d4ad55cc29b15d590cc6b86efa487e2"},
    {file = "cryptography-42.0.5-pp310-pypy310_pp73-manylinux_2_28_x86_64.whl", hash = "sha256:ba3e4a42397c25b7ff88cdec6e2a16c2be18720f317506ee25210f6d31925f9c"},
    {file = "cryptography-42.0.5-pp310-pypy310_pp73-win_amd64.whl", hash = "sha256:111a0d8553afcf8eb02a4fea6ca4f59d48ddb34497aa8706a6cf536f1a5ec576"},
    {file = "cryptography-42.0.5-pp39-pypy39_pp73-macosx_10_12_x86_64.whl", hash = "sha256:cd65d75953847815962c84a4654a84850b2bb4aed3f26fadcc1c13892e1e29f6"},
    {file = "cryptography-42.0.5-pp39-pypy39_pp73-manylinux_2_28_aarch64.whl", hash = "sha256:e807b3188f9eb0eaa7bbb579b462c5ace579f1cedb28107ce8b48a9f7ad3679e"},
    {file = "cryptography-42.0.5-pp39-pypy39_pp73-manylinux_2_28_x86_64.whl", hash = "sha256:f12764b8fffc7a123f641d7d049d382b73f96a34117e0b637b80643169cec8ac"},
    {file = "cryptography-42.0.5-pp39-pypy39_pp73-win_amd64.whl", hash = "sha256:37dd623507659e08be98eec89323469e8c7b4c1407c85112634ae3dbdb926fdd"},
    {file = "cryptography-42.0.5.tar.gz", hash = "sha256:6fe07eec95dfd477eb9530aef5bead34fec819b3aaf6c5bd6d20565da607bfe1"},
]

[package.dependencies]
cffi = {version = ">=1.12", markers = "platform_python_implementation != \"PyPy\""}

[package.extras]
docs = ["sphinx (>=5.3.0)", "sphinx-rtd-theme (>=1.1.1)"]
docstest = ["pyenchant (>=1.6.11)", "readme-renderer", "sphinxcontrib-spelling (>=4.0.1)"]
nox = ["nox"]
pep8test = ["check-sdist", "click", "mypy", "ruff"]
sdist = ["build"]
ssh = ["bcrypt (>=3.1.5)"]
test = ["certifi", "pretend", "pytest (>=6.2.0)", "pytest-benchmark", "pytest-cov", "pytest-xdist"]
test-randomorder = ["pytest-randomly"]

[[package]]
name = "django"
version = "5.0.4"
description = "A high-level Python web framework that encourages rapid development and clean, pragmatic design."
optional = false
python-versions = ">=3.10"
files = [
    {file = "Django-5.0.4-py3-none-any.whl", hash = "sha256:916423499d75d62da7aa038d19aef23d23498d8df229775eb0a6309ee1013775"},
    {file = "Django-5.0.4.tar.gz", hash = "sha256:4bd01a8c830bb77a8a3b0e7d8b25b887e536ad17a81ba2dce5476135c73312bd"},
]

[package.dependencies]
asgiref = ">=3.7.0,<4"
sqlparse = ">=0.3.1"
tzdata = {version = "*", markers = "sys_platform == \"win32\""}

[package.extras]
argon2 = ["argon2-cffi (>=19.1.0)"]
bcrypt = ["bcrypt"]

[[package]]
name = "django-otp"
version = "1.5.0"
description = "A pluggable framework for adding two-factor authentication to Django using one-time passwords."
optional = false
python-versions = ">=3.7"
files = [
    {file = "django_otp-1.5.0-py3-none-any.whl", hash = "sha256:e88871d2d3b333a86c2cd0cb721be8098d4d6344cb220315a500e5a5c8254295"},
    {file = "django_otp-1.5.0.tar.gz", hash = "sha256:e7142139f1e9686be5f396669a3d3d61178cd9b3e9de9de5933888668908b46b"},
]

[package.dependencies]
django = ">=3.2"

[package.extras]
qrcode = ["qrcode"]
segno = ["segno"]

[[package]]
name = "djangorestframework"
version = "3.15.1"
description = "Web APIs for Django, made easy."
optional = false
python-versions = ">=3.6"
files = [
    {file = "djangorestframework-3.15.1-py3-none-any.whl", hash = "sha256:3ccc0475bce968608cf30d07fb17d8e52d1d7fc8bfe779c905463200750cbca6"},
    {file = "djangorestframework-3.15.1.tar.gz", hash = "sha256:f88fad74183dfc7144b2756d0d2ac716ea5b4c7c9840995ac3bfd8ec034333c1"},
]

[package.dependencies]
django = ">=3.0"

[[package]]
name = "isort"
version = "5.13.2"
description = "A Python utility / library to sort Python imports."
optional = false
python-versions = ">=3.8.0"
files = [
    {file = "isort-5.13.2-py3-none-any.whl", hash = "sha256:8ca5e72a8d85860d5a3fa69b8745237f2939afe12dbf656afbcb47fe72d947a6"},
    {file = "isort-5.13.2.tar.gz", hash = "sha256:48fdfcb9face5d58a4f6dde2e72a1fb8dcaf8ab26f95ab49fab84c2ddefb0109"},
]

[package.extras]
colors = ["colorama (>=0.4.6)"]

[[package]]
name = "pycparser"
version = "2.22"
description = "C parser in Python"
optional = false
python-versions = ">=3.8"
files = [
    {file = "pycparser-2.22-py3-none-any.whl", hash = "sha256:c3702b6d3dd8c7abc1afa565d7e63d53a1d0bd86cdc24edd75470f4de499cfcc"},
    {file = "pycparser-2.22.tar.gz", hash = "sha256:491c8be9c040f5390f5bf44a5b07752bd07f56edf992381b05c701439eec10f6"},
]

[[package]]
name = "pyopenssl"
version = "24.1.0"
description = "Python wrapper module around the OpenSSL library"
optional = false
python-versions = ">=3.7"
files = [
    {file = "pyOpenSSL-24.1.0-py3-none-any.whl", hash = "sha256:17ed5be5936449c5418d1cd269a1a9e9081bc54c17aed272b45856a3d3dc86ad"},
    {file = "pyOpenSSL-24.1.0.tar.gz", hash = "sha256:cabed4bfaa5df9f1a16c0ef64a0cb65318b5cd077a7eda7d6970131ca2f41a6f"},
]

[package.dependencies]
cryptography = ">=41.0.5,<43"

[package.extras]
docs = ["sphinx (!=5.2.0,!=5.2.0.post0,!=7.2.5)", "sphinx-rtd-theme"]
test = ["pretend", "pytest (>=3.0.1)", "pytest-rerunfailures"]

[[package]]
name = "ruff"
version = "0.4.2"
description = "An extremely fast Python linter and code formatter, written in Rust."
optional = false
python-versions = ">=3.7"
files = [
    {file = "ruff-0.4.2-py3-none-macosx_10_12_x86_64.macosx_11_0_arm64.macosx_10_12_universal2.whl", hash = "sha256:8d14dc8953f8af7e003a485ef560bbefa5f8cc1ad994eebb5b12136049bbccc5"},
    {file = "ruff-0.4.2-py3-none-macosx_10_12_x86_64.whl", hash = "sha256:24016ed18db3dc9786af103ff49c03bdf408ea253f3cb9e3638f39ac9cf2d483"},
    {file = "ruff-0.4.2-py3-none-manylinux_2_17_aarch64.manylinux2014_aarch64.whl", hash = "sha256:0e2e06459042ac841ed510196c350ba35a9b24a643e23db60d79b2db92af0c2b"},
    {file = "ruff-0.4.2-py3-none-manylinux_2_17_armv7l.manylinux2014_armv7l.whl", hash = "sha256:3afabaf7ba8e9c485a14ad8f4122feff6b2b93cc53cd4dad2fd24ae35112d5c5"},
    {file = "ruff-0.4.2-py3-none-manylinux_2_17_i686.manylinux2014_i686.whl", hash = "sha256:799eb468ea6bc54b95527143a4ceaf970d5aa3613050c6cff54c85fda3fde480"},
    {file = "ruff-0.4.2-py3-none-manylinux_2_17_ppc64.manylinux2014_ppc64.whl", hash = "sha256:ec4ba9436a51527fb6931a8839af4c36a5481f8c19e8f5e42c2f7ad3a49f5069"},
    {file = "ruff-0.4.2-py3-none-manylinux_2_17_ppc64le.manylinux2014_ppc64le.whl", hash = "sha256:6a2243f8f434e487c2a010c7252150b1fdf019035130f41b77626f5655c9ca22"},
    {file = "ruff-0.4.2-py3-none-manylinux_2_17_s390x.manylinux2014_s390x.whl", hash = "sha256:8772130a063f3eebdf7095da00c0b9898bd1774c43b336272c3e98667d4fb8fa"},
    {file = "ruff-0.4.2-py3-none-manylinux_2_17_x86_64.manylinux2014_x86_64.whl", hash = "sha256:6ab165ef5d72392b4ebb85a8b0fbd321f69832a632e07a74794c0e598e7a8376"},
    {file = "ruff-0.4.2-py3-none-musllinux_1_2_aarch64.whl", hash = "sha256:1f32cadf44c2020e75e0c56c3408ed1d32c024766bd41aedef92aa3ca28eef68"},
    {file = "ruff-0.4.2-py3-none-musllinux_1_2_armv7l.whl", hash = "sha256:22e306bf15e09af45ca812bc42fa59b628646fa7c26072555f278994890bc7ac"},
    {file = "ruff-0.4.2-py3-none-musllinux_1_2_i686.whl", hash = "sha256:82986bb77ad83a1719c90b9528a9dd663c9206f7c0ab69282af8223566a0c34e"},
    {file = "ruff-0.4.2-py3-none-musllinux_1_2_x86_64.whl", hash = "sha256:652e4ba553e421a6dc2a6d4868bc3b3881311702633eb3672f9f244ded8908cd"},
    {file = "ruff-0.4.2-py3-none-win32.whl", hash = "sha256:7891ee376770ac094da3ad40c116258a381b86c7352552788377c6eb16d784fe"},
    {file = "ruff-0.4.2-py3-none-win_amd64.whl", hash = "sha256:5ec481661fb2fd88a5d6cf1f83403d388ec90f9daaa36e40e2c003de66751798"},
    {file = "ruff-0.4.2-py3-none-win_arm64.whl", hash = "sha256:cbd1e87c71bca14792948c4ccb51ee61c3296e164019d2d484f3eaa2d360dfaf"},
    {file = "ruff-0.4.2.tar.gz", hash = "sha256:33bcc160aee2520664bc0859cfeaebc84bb7323becff3f303b8f1f2d81cb4edc"},
]

[[package]]
name = "sqlparse"
version = "0.5.0"
description = "A non-validating SQL parser."
optional = false
python-versions = ">=3.8"
files = [
    {file = "sqlparse-0.5.0-py3-none-any.whl", hash = "sha256:c204494cd97479d0e39f28c93d46c0b2d5959c7b9ab904762ea6c7af211c8663"},
    {file = "sqlparse-0.5.0.tar.gz", hash = "sha256:714d0a4932c059d16189f58ef5411ec2287a4360f17cdd0edd2d09d4c5087c93"},
]

[package.extras]
dev = ["build", "hatch"]
doc = ["sphinx"]

[[package]]
name = "typing-extensions"
version = "4.11.0"
description = "Backported and Experimental Type Hints for Python 3.8+"
optional = false
python-versions = ">=3.8"
files = [
    {file = "typing_extensions-4.11.0-py3-none-any.whl", hash = "sha256:c1f94d72897edaf4ce775bb7558d5b79d8126906a14ea5ed1635921406c0387a"},
    {file = "typing_extensions-4.11.0.tar.gz", hash = "sha256:83f085bd5ca59c80295fc2a82ab5dac679cbe02b9f33f7d83af68e241bea51b0"},
]

[[package]]
name = "tzdata"
version = "2024.1"
description = "Provider of IANA time zone data"
optional = false
python-versions = ">=2"
files = [
    {file = "tzdata-2024.1-py2.py3-none-any.whl", hash = "sha256:9068bc196136463f5245e51efda838afa15aaeca9903f49050dfa2679db4d252"},
    {file = "tzdata-2024.1.tar.gz", hash = "sha256:2674120f8d891909751c38abcdfd386ac0a5a1127954fbc332af6b5ceae07efd"},
]

[[package]]
name = "webauthn"
version = "2.1.0"
description = "Pythonic WebAuthn"
optional = false
python-versions = "*"
files = [
    {file = "webauthn-2.1.0-py3-none-any.whl", hash = "sha256:9e1cf916e5ed7c01d54a6dfcc19dacbd2b87b81d2648f001b1fcbcb7aa2ff130"},
    {file = "webauthn-2.1.0.tar.gz", hash = "sha256:b196a4246c2818820857ba195c6e6e5398c761117f2269e3d2deab11c7995fc4"},
]

[package.dependencies]
asn1crypto = ">=1.4.0"
cbor2 = ">=5.4.6"
cryptography = ">=41.0.7"
pyOpenSSL = ">=23.3.0"

[metadata]
lock-version = "2.0"
python-versions = ">=3.10"
content-hash = "d67e64e042f44c5a2ffab1c23dc3fc0b5791d3b725accb797ce2c864c19a9638"
